
Microsoft Visual Studio Solution File, Format Version 12.00
# Visual Studio 2013
VisualStudioVersion = 12.0.30110.0
MinimumVisualStudioVersion = 10.0.40219.1
Project("{FAE04EC0-301F-11D3-BF4B-00C04F79EFBC}") = "StreamRepository", "StreamRepository\StreamRepository.csproj", "{3A87F096-C124-468D-8D67-299EAA006EFF}"
EndProject
Project("{2150E333-8FDC-42A3-9474-1A3956D46DE8}") = ".nuget", ".nuget", "{9366D8C5-00C8-4A6B-8C28-D8769C202C97}"
	ProjectSection(SolutionItems) = preProject
		.nuget\NuGet.Config = .nuget\NuGet.Config
		.nuget\NuGet.exe = .nuget\NuGet.exe
		.nuget\NuGet.targets = .nuget\NuGet.targets
	EndProjectSection
EndProject
Project("{FAE04EC0-301F-11D3-BF4B-00C04F79EFBC}") = "Stress", "Stress\Stress.csproj", "{802B0A82-3542-40A2-B664-672F91937BEA}"
EndProject
Project("{2150E333-8FDC-42A3-9474-1A3956D46DE8}") = "Tryouts", "Tryouts", "{5780943D-CF95-42F8-9ACC-AA8CC5413A79}"
EndProject
Project("{FAE04EC0-301F-11D3-BF4B-00C04F79EFBC}") = "Sql_Test", "Sql_Test\Sql_Test.csproj", "{ADF338BF-26A4-4851-BE1A-B47D8608B94E}"
EndProject
Project("{FAE04EC0-301F-11D3-BF4B-00C04F79EFBC}") = "Test", "Test\Test.csproj", "{D33F9783-E012-40AC-9F39-B69FE8BCC0ED}"
EndProject
Project("{FAE04EC0-301F-11D3-BF4B-00C04F79EFBC}") = "ImportOnEnergy", "ImportOnEnergy\ImportOnEnergy.csproj", "{DFDB38AA-5739-4557-8B3D-EA7EA2C7FD6E}"
EndProject
Global
	GlobalSection(SolutionConfigurationPlatforms) = preSolution
		Debug|Any CPU = Debug|Any CPU
		Release|Any CPU = Release|Any CPU
	EndGlobalSection
	GlobalSection(ProjectConfigurationPlatforms) = postSolution
		{3A87F096-C124-468D-8D67-299EAA006EFF}.Debug|Any CPU.ActiveCfg = Debug|Any CPU
		{3A87F096-C124-468D-8D67-299EAA006EFF}.Debug|Any CPU.Build.0 = Debug|Any CPU
		{3A87F096-C124-468D-8D67-299EAA006EFF}.Release|Any CPU.ActiveCfg = Release|Any CPU
		{3A87F096-C124-468D-8D67-299EAA006EFF}.Release|Any CPU.Build.0 = Release|Any CPU
		{802B0A82-3542-40A2-B664-672F91937BEA}.Debug|Any CPU.ActiveCfg = Debug|Any CPU
		{802B0A82-3542-40A2-B664-672F91937BEA}.Debug|Any CPU.Build.0 = Debug|Any CPU
		{802B0A82-3542-40A2-B664-672F91937BEA}.Release|Any CPU.ActiveCfg = Release|Any CPU
		{802B0A82-3542-40A2-B664-672F91937BEA}.Release|Any CPU.Build.0 = Release|Any CPU
		{ADF338BF-26A4-4851-BE1A-B47D8608B94E}.Debug|Any CPU.ActiveCfg = Debug|Any CPU
		{ADF338BF-26A4-4851-BE1A-B47D8608B94E}.Debug|Any CPU.Build.0 = Debug|Any CPU
		{ADF338BF-26A4-4851-BE1A-B47D8608B94E}.Release|Any CPU.ActiveCfg = Release|Any CPU
		{ADF338BF-26A4-4851-BE1A-B47D8608B94E}.Release|Any CPU.Build.0 = Release|Any CPU
		{D33F9783-E012-40AC-9F39-B69FE8BCC0ED}.Debug|Any CPU.ActiveCfg = Debug|Any CPU
		{D33F9783-E012-40AC-9F39-B69FE8BCC0ED}.Debug|Any CPU.Build.0 = Debug|Any CPU
		{D33F9783-E012-40AC-9F39-B69FE8BCC0ED}.Release|Any CPU.ActiveCfg = Release|Any CPU
		{D33F9783-E012-40AC-9F39-B69FE8BCC0ED}.Release|Any CPU.Build.0 = Release|Any CPU
		{DFDB38AA-5739-4557-8B3D-EA7EA2C7FD6E}.Debug|Any CPU.ActiveCfg = Debug|Any CPU
		{DFDB38AA-5739-4557-8B3D-EA7EA2C7FD6E}.Debug|Any CPU.Build.0 = Debug|Any CPU
		{DFDB38AA-5739-4557-8B3D-EA7EA2C7FD6E}.Release|Any CPU.ActiveCfg = Release|Any CPU
		{DFDB38AA-5739-4557-8B3D-EA7EA2C7FD6E}.Release|Any CPU.Build.0 = Release|Any CPU
	EndGlobalSection
	GlobalSection(SolutionProperties) = preSolution
		HideSolutionNode = FALSE
	EndGlobalSection
	GlobalSection(NestedProjects) = preSolution
		{802B0A82-3542-40A2-B664-672F91937BEA} = {5780943D-CF95-42F8-9ACC-AA8CC5413A79}
		{ADF338BF-26A4-4851-BE1A-B47D8608B94E} = {5780943D-CF95-42F8-9ACC-AA8CC5413A79}
		{D33F9783-E012-40AC-9F39-B69FE8BCC0ED} = {5780943D-CF95-42F8-9ACC-AA8CC5413A79}
		{DFDB38AA-5739-4557-8B3D-EA7EA2C7FD6E} = {5780943D-CF95-42F8-9ACC-AA8CC5413A79}
	EndGlobalSection
	GlobalSection(Performance) = preSolution
		HasPerformanceSessions = true
	EndGlobalSection
EndGlobal
